Microsoft Visual Studio Solution File, Format Version 12.00
# Visual Studio Version 17
VisualStudioVersion = 17.5.2.0
MinimumVisualStudioVersion = 10.0.40219.1
Project("{FAE04EC0-301F-11D3-BF4B-00C04F79EFBC}") = "SilkConsole", "SilkConsole\SilkConsole.csproj", "{049262A0-832D-9754-61D6-A4031150E544}"
EndProject
Global
	GlobalSection(SolutionConfigurationPlatforms) = preSolution
		Debug|Any CPU = Debug|Any CPU
		Release|Any CPU = Release|Any CPU
	EndGlobalSection
	GlobalSection(ProjectConfigurationPlatforms) = postSolution
		{049262A0-832D-9754-61D6-A4031150E544}.Debug|Any CPU.ActiveCfg = Debug|Any CPU
		{049262A0-832D-9754-61D6-A4031150E544}.Debug|Any CPU.Build.0 = Debug|Any CPU
		{049262A0-832D-9754-61D6-A4031150E544}.Release|Any CPU.ActiveCfg = Release|Any CPU
		{049262A0-832D-9754-61D6-A4031150E544}.Release|Any CPU.Build.0 = Release|Any CPU
	EndGlobalSection
	GlobalSection(SolutionProperties) = preSolution
		HideSolutionNode = FALSE
	EndGlobalSection
	GlobalSection(ExtensibilityGlobals) = postSolution
		SolutionGuid = {AF68B17A-6A7D-4399-8836-805D9C63F54B}
	EndGlobalSection
EndGlobal
