Microsoft Visual Studio Solution File, Format Version 12.00
# Visual Studio Version 17
VisualStudioVersion = 17.5.2.0
MinimumVisualStudioVersion = 10.0.40219.1
Project("{FAE04EC0-301F-11D3-BF4B-00C04F79EFBC}") = "publicTokenDemo", "publicTokenDemo.csproj", "{610D7242-4C32-D490-F331-4F15D931FAFE}"
EndProject
Global
	GlobalSection(SolutionConfigurationPlatforms) = preSolution
		Debug|Any CPU = Debug|Any CPU
		Release|Any CPU = Release|Any CPU
	EndGlobalSection
	GlobalSection(ProjectConfigurationPlatforms) = postSolution
		{610D7242-4C32-D490-F331-4F15D931FAFE}.Debug|Any CPU.ActiveCfg = Debug|Any CPU
		{610D7242-4C32-D490-F331-4F15D931FAFE}.Debug|Any CPU.Build.0 = Debug|Any CPU
		{610D7242-4C32-D490-F331-4F15D931FAFE}.Release|Any CPU.ActiveCfg = Release|Any CPU
		{610D7242-4C32-D490-F331-4F15D931FAFE}.Release|Any CPU.Build.0 = Release|Any CPU
	EndGlobalSection
	GlobalSection(SolutionProperties) = preSolution
		HideSolutionNode = FALSE
	EndGlobalSection
	GlobalSection(ExtensibilityGlobals) = postSolution
		SolutionGuid = {128AC67B-91ED-420A-AB1A-98DD63E89D05}
	EndGlobalSection
EndGlobal
